// !$*UTF8*$!
{
	archiveVersion = 1;
	classes = {
	};
	objectVersion = 56;
	objects = {

/* Begin PBXBuildFile section */
		ABF66D1F2DCE1FA800D749E6 /* AppDelegate.swift in Sources */ = {isa = PBXBuildFile; fileRef = ABF66D1E2DCE1FA800D749E6 /* AppDelegate.swift */; };
		ABF66D212DCE1FA800D749E6 /* SceneDelegate.swift in Sources */ = {isa = PBXBuildFile; fileRef = ABF66D202DCE1FA800D749E6 /* SceneDelegate.swift */; };
		ABF66D232DCE1FA800D749E6 /* ViewController.swift in Sources */ = {isa = PBXBuildFile; fileRef = ABF66D222DCE1FA800D749E6 /* ViewController.swift */; };
		ABF66D262DCE1FA800D749E6 /* Main.storyboard in Resources */ = {isa = PBXBuildFile; fileRef = ABF66D242DCE1FA800D749E6 /* Main.storyboard */; };
		ABF66D2B2DCE1FA900D749E6 /* Assets.xcassets in Resources */ = {isa = PBXBuildFile; fileRef = ABF66D2A2DCE1FA900D749E6 /* Assets.xcassets */; };
		ABF66D2E2DCE1FA900D749E6 /* LaunchScreen.storyboard in Resources */ = {isa = PBXBuildFile; fileRef = ABF66D2C2DCE1FA900D749E6 /* LaunchScreen.storyboard */; };
		ABF66D412DCE214300D749E6 /* Card.xcdatamodeld in Sources */ = {isa = PBXBuildFile; fileRef = ABF66D3F2DCE214300D749E6 /* Card.xcdatamodeld */; };
		ABF66D432DCE21E700D749E6 /* AddTransactionViewController.swift in Sources */ = {isa = PBXBuildFile; fileRef = ABF66D422DCE21E700D749E6 /* AddTransactionViewController.swift */; };
		ABF66D4D2DCE2D3500D749E6 /* WalletApp.xcdatamodeld in Sources */ = {isa = PBXBuildFile; fileRef = ABF66D4B2DCE2D3500D749E6 /* WalletApp.xcdatamodeld */; };
		ABF66D4F2DCE42A500D749E6 /* PieChartView.swift in Sources */ = {isa = PBXBuildFile; fileRef = ABF66D4E2DCE42A500D749E6 /* PieChartView.swift */; };
/* End PBXBuildFile section */

/* Begin PBXFileReference section */
		ABF66D1B2DCE1FA800D749E6 /* WalletApp.app */ = {isa = PBXFileReference; explicitFileType = wrapper.application; includeInIndex = 0; path = WalletApp.app; sourceTree = BUILT_PRODUCTS_DIR; };
		ABF66D1E2DCE1FA800D749E6 /* AppDelegate.swift */ = {isa = PBXFileReference; lastKnownFileType = sourcecode.swift; path = AppDelegate.swift; sourceTree = "<group>"; };
		ABF66D202DCE1FA800D749E6 /* SceneDelegate.swift */ = {isa = PBXFileReference; lastKnownFileType = sourcecode.swift; path = SceneDelegate.swift; sourceTree = "<group>"; };
		ABF66D222DCE1FA800D749E6 /* ViewController.swift */ = {isa = PBXFileReference; lastKnownFileType = sourcecode.swift; path = ViewController.swift; sourceTree = "<group>"; };
		ABF66D252DCE1FA800D749E6 /* Base */ = {isa = PBXFileReference; lastKnownFileType = file.storyboard; name = Base; path = Base.lproj/Main.storyboard; sourceTree = "<group>"; };
		ABF66D2A2DCE1FA900D749E6 /* Assets.xcassets */ = {isa = PBXFileReference; lastKnownFileType = folder.assetcatalog; path = Assets.xcassets; sourceTree = "<group>"; };
		ABF66D2D2DCE1FA900D749E6 /* Base */ = {isa = PBXFileReference; lastKnownFileType = file.storyboard; name = Base; path = Base.lproj/LaunchScreen.storyboard; sourceTree = "<group>"; };
		ABF66D2F2DCE1FA900D749E6 /* Info.plist */ = {isa = PBXFileReference; lastKnownFileType = text.plist.xml; path = Info.plist; sourceTree = "<group>"; };
		ABF66D402DCE214300D749E6 /* Card.xcdatamodel */ = {isa = PBXFileReference; lastKnownFileType = wrapper.xcdatamodel; path = Card.xcdatamodel; sourceTree = "<group>"; };
		ABF66D422DCE21E700D749E6 /* AddTransactionViewController.swift */ = {isa = PBXFileReference; lastKnownFileType = sourcecode.swift; path = AddTransactionViewController.swift; sourceTree = "<group>"; };
		ABF66D4C2DCE2D3500D749E6 /* WalletApp.xcdatamodel */ = {isa = PBXFileReference; lastKnownFileType = wrapper.xcdatamodel; path = WalletApp.xcdatamodel; sourceTree = "<group>"; };
		ABF66D4E2DCE42A500D749E6 /* PieChartView.swift */ = {isa = PBXFileReference; lastKnownFileType = sourcecode.swift; path = PieChartView.swift; sourceTree = "<group>"; };
/* End PBXFileReference section */

/* Begin PBXFrameworksBuildPhase section */
		ABF66D182DCE1FA800D749E6 /* Frameworks */ = {
			isa = PBXFrameworksBuildPhase;
			buildActionMask = 2147483647;
			files = (
			);
			runOnlyForDeploymentPostprocessing = 0;
		};
/* End PBXFrameworksBuildPhase section */

/* Begin PBXGroup section */
		ABF66D122DCE1FA800D749E6 = {
			isa = PBXGroup;
			children = (
				ABF66D1D2DCE1FA800D749E6 /* WalletApp */,
				ABF66D1C2DCE1FA800D749E6 /* Products */,
			);
			sourceTree = "<group>";
		};
		ABF66D1C2DCE1FA800D749E6 /* Products */ = {
			isa = PBXGroup;
			children = (
				ABF66D1B2DCE1FA800D749E6 /* WalletApp.app */,
			);
			name = Products;
			sourceTree = "<group>";
		};
		ABF66D1D2DCE1FA800D749E6 /* WalletApp */ = {
			isa = PBXGroup;
			children = (
				ABF66D1E2DCE1FA800D749E6 /* AppDelegate.swift */,
				ABF66D202DCE1FA800D749E6 /* SceneDelegate.swift */,
				ABF66D222DCE1FA800D749E6 /* ViewController.swift */,
				ABF66D242DCE1FA800D749E6 /* Main.storyboard */,
				ABF66D2A2DCE1FA900D749E6 /* Assets.xcassets */,
				ABF66D2C2DCE1FA900D749E6 /* LaunchScreen.storyboard */,
				ABF66D2F2DCE1FA900D749E6 /* Info.plist */,
				ABF66D3F2DCE214300D749E6 /* Card.xcdatamodeld */,
				ABF66D422DCE21E700D749E6 /* AddTransactionViewController.swift */,
				ABF66D4B2DCE2D3500D749E6 /* WalletApp.xcdatamodeld */,
				ABF66D4E2DCE42A500D749E6 /* PieChartView.swift */,
			);
			path = WalletApp;
			sourceTree = "<group>";
		};
/* End PBXGroup section */

/* Begin PBXNativeTarget section */
		ABF66D1A2DCE1FA800D749E6 /* WalletApp */ = {
			isa = PBXNativeTarget;
			buildConfigurationList = ABF66D322DCE1FA900D749E6 /* Build configuration list for PBXNativeTarget "WalletApp" */;
			buildPhases = (
				ABF66D172DCE1FA800D749E6 /* Sources */,
				ABF66D182DCE1FA800D749E6 /* Frameworks */,
				ABF66D192DCE1FA800D749E6 /* Resources */,
			);
			buildRules = (
			);
			dependencies = (
			);
			name = WalletApp;
			productName = WalletApp;
			productReference = ABF66D1B2DCE1FA800D749E6 /* WalletApp.app */;
			productType = "com.apple.product-type.application";
		};
/* End PBXNativeTarget section */

/* Begin PBXProject section */
		ABF66D132DCE1FA800D749E6 /* Project object */ = {
			isa = PBXProject;
			attributes = {
				BuildIndependentTargetsInParallel = 1;
				LastSwiftUpdateCheck = 1420;
				LastUpgradeCheck = 1420;
				TargetAttributes = {
					ABF66D1A2DCE1FA800D749E6 = {
						CreatedOnToolsVersion = 14.2;
					};
				};
			};
			buildConfigurationList = ABF66D162DCE1FA800D749E6 /* Build configuration list for PBXProject "WalletApp" */;
			compatibilityVersion = "Xcode 14.0";
			developmentRegion = en;
			hasScannedForEncodings = 0;
			knownRegions = (
				en,
				Base,
			);
			mainGroup = ABF66D122DCE1FA800D749E6;
			productRefGroup = ABF66D1C2DCE1FA800D749E6 /* Products */;
			projectDirPath = "";
			projectRoot = "";
			targets = (
				ABF66D1A2DCE1FA800D749E6 /* WalletApp */,
			);
		};
/* End PBXProject section */

/* Begin PBXResourcesBuildPhase section */
		ABF66D192DCE1FA800D749E6 /* Resources */ = {
			isa = PBXResourcesBuildPhase;
			buildActionMask = 2147483647;
			files = (
				ABF66D2E2DCE1FA900D749E6 /* LaunchScreen.storyboard in Resources */,
				ABF66D2B2DCE1FA900D749E6 /* Assets.xcassets in Resources */,
				ABF66D262DCE1FA800D749E6 /* Main.storyboard in Resources */,
			);
			runOnlyForDeploymentPostprocessing = 0;
		};
/* End PBXResourcesBuildPhase section */

/* Begin PBXSourcesBuildPhase section */
		ABF66D172DCE1FA800D749E6 /* Sources */ = {
			isa = PBXSourcesBuildPhase;
			buildActionMask = 2147483647;
			files = (
				ABF66D4F2DCE42A500D749E6 /* PieChartView.swift in Sources */,
				ABF66D412DCE214300D749E6 /* Card.xcdatamodeld in Sources */,
				ABF66D232DCE1FA800D749E6 /* ViewController.swift in Sources */,
				ABF66D4D2DCE2D3500D749E6 /* WalletApp.xcdatamodeld in Sources */,
				ABF66D1F2DCE1FA800D749E6 /* AppDelegate.swift in Sources */,
				ABF66D212DCE1FA800D749E6 /* SceneDelegate.swift in Sources */,
				ABF66D432DCE21E700D749E6 /* AddTransactionViewController.swift in Sources */,
			);
			runOnlyForDeploymentPostprocessing = 0;
		};
/* End PBXSourcesBuildPhase section */

/* Begin PBXVariantGroup section */
		ABF66D242DCE1FA800D749E6 /* Main.storyboard */ = {
			isa = PBXVariantGroup;
			children = (
				ABF66D252DCE1FA800D749E6 /* Base */,
			);
			name = Main.storyboard;
			sourceTree = "<group>";
		};
		ABF66D2C2DCE1FA900D749E6 /* LaunchScreen.storyboard */ = {
			isa = PBXVariantGroup;
			children = (
				ABF66D2D2DCE1FA900D749E6 /* Base */,
			);
			name = LaunchScreen.storyboard;
			sourceTree = "<group>";
		};
/* End PBXVariantGroup section */

/* Begin XCBuildConfiguration section */
		ABF66D302DCE1FA900D749E6 /* Debug */ = {
			isa = XCBuildConfiguration;
			buildSettings = {
				ALWAYS_SEARCH_USER_PATHS = NO;
				CLANG_ANALYZER_NONNULL = YES;
				CLANG_ANALYZER_NUMBER_OBJECT_CONVERSION = YES_AGGRESSIVE;
				CLANG_CXX_LANGUAGE_STANDARD = "gnu++20";
				CLANG_ENABLE_MODULES = YES;
				CLANG_ENABLE_OBJC_ARC = YES;
				CLANG_ENABLE_OBJC_WEAK = YES;
				CLANG_WARN_BLOCK_CAPTURE_AUTORELEASING = YES;
				CLANG_WARN_BOOL_CONVERSION = YES;
				CLANG_WARN_COMMA = YES;
				CLANG_WARN_CONSTANT_CONVERSION = YES;
				CLANG_WARN_DEPRECATED_OBJC_IMPLEMENTATIONS = YES;
				CLANG_WARN_DIRECT_OBJC_ISA_USAGE = YES_ERROR;
				CLANG_WARN_DOCUMENTATION_COMMENTS = YES;
				CLANG_WARN_EMPTY_BODY = YES;
				CLANG_WARN_ENUM_CONVERSION = YES;
				CLANG_WARN_INFINITE_RECURSION = YES;
				CLANG_WARN_INT_CONVERSION = YES;
				CLANG_WARN_NON_LITERAL_NULL_CONVERSION = YES;
				CLANG_WARN_OBJC_IMPLICIT_RETAIN_SELF = YES;
				CLANG_WARN_OBJC_LITERAL_CONVERSION = YES;
				CLANG_WARN_OBJC_ROOT_CLASS = YES_ERROR;
				CLANG_WARN_QUOTED_INCLUDE_IN_FRAMEWORK_HEADER = YES;
				CLANG_WARN_RANGE_LOOP_ANALYSIS = YES;
				CLANG_WARN_STRICT_PROTOTYPES = YES;
				CLANG_WARN_SUSPICIOUS_MOVE = YES;
				CLANG_WARN_UNGUARDED_AVAILABILITY = YES_AGGRESSIVE;
				CLANG_WARN_UNREACHABLE_CODE = YES;
				CLANG_WARN__DUPLICATE_METHOD_MATCH = YES;
				COPY_PHASE_STRIP = NO;
				DEBUG_INFORMATION_FORMAT = dwarf;
				ENABLE_STRICT_OBJC_MSGSEND = YES;
				ENABLE_TESTABILITY = YES;
				GCC_C_LANGUAGE_STANDARD = gnu11;
				GCC_DYNAMIC_NO_PIC = NO;
				GCC_NO_COMMON_BLOCKS = YES;
				GCC_OPTIMIZATION_LEVEL = 0;
				GCC_PREPROCESSOR_DEFINITIONS = (
					"DEBUG=1",
					"$(inherited)",
				);
				GCC_WARN_64_TO_32_BIT_CONVERSION = YES;
				GCC_WARN_ABOUT_RETURN_TYPE = YES_ERROR;
				GCC_WARN_UNDECLARED_SELECTOR = YES;
				GCC_WARN_UNINITIALIZED_AUTOS = YES_AGGRESSIVE;
				GCC_WARN_UNUSED_FUNCTION = YES;
				GCC_WARN_UNUSED_VARIABLE = YES;
				IPHONEOS_DEPLOYMENT_TARGET = 16.2;
				MTL_ENABLE_DEBUG_INFO = INCLUDE_SOURCE;
				MTL_FAST_MATH = YES;
				ONLY_ACTIVE_ARCH = YES;
				SDKROOT = iphoneos;
				SWIFT_ACTIVE_COMPILATION_CONDITIONS = DEBUG;
				SWIFT_OPTIMIZATION_LEVEL = "-Onone";
			};
			name = Debug;
		};
		ABF66D312DCE1FA900D749E6 /* Release */ = {
			isa = XCBuildConfiguration;
			buildSettings = {
				ALWAYS_SEARCH_USER_PATHS = NO;
				CLANG_ANALYZER_NONNULL = YES;
				CLANG_ANALYZER_NUMBER_OBJECT_CONVERSION = YES_AGGRESSIVE;
				CLANG_CXX_LANGUAGE_STANDARD = "gnu++20";
				CLANG_ENABLE_MODULES = YES;
				CLANG_ENABLE_OBJC_ARC = YES;
				CLANG_ENABLE_OBJC_WEAK = YES;
				CLANG_WARN_BLOCK_CAPTURE_AUTORELEASING = YES;
				CLANG_WARN_BOOL_CONVERSION = YES;
				CLANG_WARN_COMMA = YES;
				CLANG_WARN_CONSTANT_CONVERSION = YES;
				CLANG_WARN_DEPRECATED_OBJC_IMPLEMENTATIONS = YES;
				CLANG_WARN_DIRECT_OBJC_ISA_USAGE = YES_ERROR;
				CLANG_WARN_DOCUMENTATION_COMMENTS = YES;
				CLANG_WARN_EMPTY_BODY = YES;
				CLANG_WARN_ENUM_CONVERSION = YES;
				CLANG_WARN_INFINITE_RECURSION = YES;
				CLANG_WARN_INT_CONVERSION = YES;
				CLANG_WARN_NON_LITERAL_NULL_CONVERSION = YES;
				CLANG_WARN_OBJC_IMPLICIT_RETAIN_SELF = YES;
				CLANG_WARN_OBJC_LITERAL_CONVERSION = YES;
				CLANG_WARN_OBJC_ROOT_CLASS = YES_ERROR;
				CLANG_WARN_QUOTED_INCLUDE_IN_FRAMEWORK_HEADER = YES;
				CLANG_WARN_RANGE_LOOP_ANALYSIS = YES;
				CLANG_WARN_STRICT_PROTOTYPES = YES;
				CLANG_WARN_SUSPICIOUS_MOVE = YES;
				CLANG_WARN_UNGUARDED_AVAILABILITY = YES_AGGRESSIVE;
				CLANG_WARN_UNREACHABLE_CODE = YES;
				CLANG_WARN__DUPLICATE_METHOD_MATCH = YES;
				COPY_PHASE_STRIP = NO;
				DEBUG_INFORMATION_FORMAT = "dwarf-with-dsym";
				ENABLE_NS_ASSERTIONS = NO;
				ENABLE_STRICT_OBJC_MSGSEND = YES;
				GCC_C_LANGUAGE_STANDARD = gnu11;
				GCC_NO_COMMON_BLOCKS = YES;
				GCC_WARN_64_TO_32_BIT_CONVERSION = YES;
				GCC_WARN_ABOUT_RETURN_TYPE = YES_ERROR;
				GCC_WARN_UNDECLARED_SELECTOR = YES;
				GCC_WARN_UNINITIALIZED_AUTOS = YES_AGGRESSIVE;
				GCC_WARN_UNUSED_FUNCTION = YES;
				GCC_WARN_UNUSED_VARIABLE = YES;
				IPHONEOS_DEPLOYMENT_TARGET = 16.2;
				MTL_ENABLE_DEBUG_INFO = NO;
				MTL_FAST_MATH = YES;
				SDKROOT = iphoneos;
				SWIFT_COMPILATION_MODE = wholemodule;
				SWIFT_OPTIMIZATION_LEVEL = "-O";
				VALIDATE_PRODUCT = YES;
			};
			name = Release;
		};
		ABF66D332DCE1FA900D749E6 /* Debug */ = {
			isa = XCBuildConfiguration;
			buildSettings = {
				ASSETCATALOG_COMPILER_APPICON_NAME = AppIcon;
				ASSETCATALOG_COMPILER_GLOBAL_ACCENT_COLOR_NAME = AccentColor;
				CODE_SIGN_STYLE = Automatic;
				CURRENT_PROJECT_VERSION = 1;
				GENERATE_INFOPLIST_FILE = YES;
				INFOPLIST_FILE = WalletApp/Info.plist;
				INFOPLIST_KEY_UIApplicationSupportsIndirectInputEvents = YES;
				INFOPLIST_KEY_UILaunchStoryboardName = LaunchScreen;
				INFOPLIST_KEY_UIMainStoryboardFile = Main;
				INFOPLIST_KEY_UISupportedInterfaceOrientations_iPad = "UIInterfaceOrientationPortrait UIInterfaceOrientationPortraitUpsideDown UIInterfaceOrientationLandscapeLeft UIInterfaceOrientationLandscapeRight";
				INFOPLIST_KEY_UISupportedInterfaceOrientations_iPhone = "UIInterfaceOrientationPortrait UIInterfaceOrientationLandscapeLeft UIInterfaceOrientationLandscapeRight";
				LD_RUNPATH_SEARCH_PATHS = (
					"$(inherited)",
					"@executable_path/Frameworks",
				);
				MARKETING_VERSION = 1.0;
				PRODUCT_BUNDLE_IDENTIFIER = pro.WalletApp;
				PRODUCT_NAME = "$(TARGET_NAME)";
				SWIFT_EMIT_LOC_STRINGS = YES;
				SWIFT_VERSION = 5.0;
				TARGETED_DEVICE_FAMILY = "1,2";
			};
			name = Debug;
		};
		ABF66D342DCE1FA900D749E6 /* Release */ = {
			isa = XCBuildConfiguration;
			buildSettings = {
				ASSETCATALOG_COMPILER_APPICON_NAME = AppIcon;
				ASSETCATALOG_COMPILER_GLOBAL_ACCENT_COLOR_NAME = AccentColor;
				CODE_SIGN_STYLE = Automatic;
				CURRENT_PROJECT_VERSION = 1;
				GENERATE_INFOPLIST_FILE = YES;
				INFOPLIST_FILE = WalletApp/Info.plist;
				INFOPLIST_KEY_UIApplicationSupportsIndirectInputEvents = YES;
				INFOPLIST_KEY_UILaunchStoryboardName = LaunchScreen;
				INFOPLIST_KEY_UIMainStoryboardFile = Main;
				INFOPLIST_KEY_UISupportedInterfaceOrientations_iPad = "UIInterfaceOrientationPortrait UIInterfaceOrientationPortraitUpsideDown UIInterfaceOrientationLandscapeLeft UIInterfaceOrientationLandscapeRight";
				INFOPLIST_KEY_UISupportedInterfaceOrientations_iPhone = "UIInterfaceOrientationPortrait UIInterfaceOrientationLandscapeLeft UIInterfaceOrientationLandscapeRight";
				LD_RUNPATH_SEARCH_PATHS = (
					"$(inherited)",
					"@executable_path/Frameworks",
				);
				MARKETING_VERSION = 1.0;
				PRODUCT_BUNDLE_IDENTIFIER = pro.WalletApp;
				PRODUCT_NAME = "$(TARGET_NAME)";
				SWIFT_EMIT_LOC_STRINGS = YES;
				SWIFT_VERSION = 5.0;
				TARGETED_DEVICE_FAMILY = "1,2";
			};
			name = Release;
		};
/* End XCBuildConfiguration section */

/* Begin XCConfigurationList section */
		ABF66D162DCE1FA800D749E6 /* Build configuration list for PBXProject "WalletApp" */ = {
			isa = XCConfigurationList;
			buildConfigurations = (
				ABF66D302DCE1FA900D749E6 /* Debug */,
				ABF66D312DCE1FA900D749E6 /* Release */,
			);
			defaultConfigurationIsVisible = 0;
			defaultConfigurationName = Release;
		};
		ABF66D322DCE1FA900D749E6 /* Build configuration list for PBXNativeTarget "WalletApp" */ = {
			isa = XCConfigurationList;
			buildConfigurations = (
				ABF66D332DCE1FA900D749E6 /* Debug */,
				ABF66D342DCE1FA900D749E6 /* Release */,
			);
			defaultConfigurationIsVisible = 0;
			defaultConfigurationName = Release;
		};
/* End XCConfigurationList section */

/* Begin XCVersionGroup section */
		ABF66D3F2DCE214300D749E6 /* Card.xcdatamodeld */ = {
			isa = XCVersionGroup;
			children = (
				ABF66D402DCE214300D749E6 /* Card.xcdatamodel */,
			);
			currentVersion = ABF66D402DCE214300D749E6 /* Card.xcdatamodel */;
			path = Card.xcdatamodeld;
			sourceTree = "<group>";
			versionGroupType = wrapper.xcdatamodel;
		};
		ABF66D4B2DCE2D3500D749E6 /* WalletApp.xcdatamodeld */ = {
			isa = XCVersionGroup;
			children = (
				ABF66D4C2DCE2D3500D749E6 /* WalletApp.xcdatamodel */,
			);
			currentVersion = ABF66D4C2DCE2D3500D749E6 /* WalletApp.xcdatamodel */;
			name = WalletApp.xcdatamodeld;
			path = ../../../../Documents/WalletApp/WalletApp/WalletApp.xcdatamodeld;
			sourceTree = "<group>";
			versionGroupType = wrapper.xcdatamodel;
		};
/* End XCVersionGroup section */
	};
	rootObject = ABF66D132DCE1FA800D749E6 /* Project object */;
}
